
Microsoft Visual Studio Solution File, Format Version 12.00
# Visual Studio Version 17
VisualStudioVersion = 17.11.35312.102
MinimumVisualStudioVersion = 10.0.40219.1
Project("{FAE04EC0-301F-11D3-BF4B-00C04F79EFBC}") = "MTS.API", "MTS.API\MTS.API.csproj", "{4EC75015-FA72-41EE-92CE-06005F3E3FE2}"
EndProject
Project("{FAE04EC0-301F-11D3-BF4B-00C04F79EFBC}") = "MTS_BAL", "MTS_BAL\MTS_BAL.csproj", "{70629AD8-85EF-4C56-A6F6-DB741BAA145C}"
EndProject
Project("{FAE04EC0-301F-11D3-BF4B-00C04F79EFBC}") = "MTS_COMMON", "MTS_COMMON\MTS_COMMON.csproj", "{BF470B3C-3C87-4404-AD41-29940BBD3748}"
EndProject
Project("{FAE04EC0-301F-11D3-BF4B-00C04F79EFBC}") = "MTS_DAL", "MTS_DAL\MTS_DAL.csproj", "{CBFBB56F-B6C0-4207-A201-887EE0554B0F}"
EndProject
Global
	GlobalSection(SolutionConfigurationPlatforms) = preSolution
		Debug|Any CPU = Debug|Any CPU
		Release|Any CPU = Release|Any CPU
	EndGlobalSection
	GlobalSection(ProjectConfigurationPlatforms) = postSolution
		{4EC75015-FA72-41EE-92CE-06005F3E3FE2}.Debug|Any CPU.ActiveCfg = Debug|Any CPU
		{4EC75015-FA72-41EE-92CE-06005F3E3FE2}.Debug|Any CPU.Build.0 = Debug|Any CPU
		{4EC75015-FA72-41EE-92CE-06005F3E3FE2}.Release|Any CPU.ActiveCfg = Release|Any CPU
		{4EC75015-FA72-41EE-92CE-06005F3E3FE2}.Release|Any CPU.Build.0 = Release|Any CPU
		{70629AD8-85EF-4C56-A6F6-DB741BAA145C}.Debug|Any CPU.ActiveCfg = Debug|Any CPU
		{70629AD8-85EF-4C56-A6F6-DB741BAA145C}.Debug|Any CPU.Build.0 = Debug|Any CPU
		{70629AD8-85EF-4C56-A6F6-DB741BAA145C}.Release|Any CPU.ActiveCfg = Release|Any CPU
		{70629AD8-85EF-4C56-A6F6-DB741BAA145C}.Release|Any CPU.Build.0 = Release|Any CPU
		{BF470B3C-3C87-4404-AD41-29940BBD3748}.Debug|Any CPU.ActiveCfg = Debug|Any CPU
		{BF470B3C-3C87-4404-AD41-29940BBD3748}.Debug|Any CPU.Build.0 = Debug|Any CPU
		{BF470B3C-3C87-4404-AD41-29940BBD3748}.Release|Any CPU.ActiveCfg = Release|Any CPU
		{BF470B3C-3C87-4404-AD41-29940BBD3748}.Release|Any CPU.Build.0 = Release|Any CPU
		{CBFBB56F-B6C0-4207-A201-887EE0554B0F}.Debug|Any CPU.ActiveCfg = Debug|Any CPU
		{CBFBB56F-B6C0-4207-A201-887EE0554B0F}.Debug|Any CPU.Build.0 = Debug|Any CPU
		{CBFBB56F-B6C0-4207-A201-887EE0554B0F}.Release|Any CPU.ActiveCfg = Release|Any CPU
		{CBFBB56F-B6C0-4207-A201-887EE0554B0F}.Release|Any CPU.Build.0 = Release|Any CPU
	EndGlobalSection
	GlobalSection(SolutionProperties) = preSolution
		HideSolutionNode = FALSE
	EndGlobalSection
	GlobalSection(ExtensibilityGlobals) = postSolution
		SolutionGuid = {2A6C1039-D248-46B2-BD55-AF693324975D}
	EndGlobalSection
EndGlobal
